// !$*UTF8*$!
{
	archiveVersion = 1;
	classes = {
	};
	objectVersion = 50;
	objects = {

/* Begin PBXBuildFile section */
		08108A5623D76D9100F7FF8A /* MovieDetail.storyboard in Resources */ = {isa = PBXBuildFile; fileRef = 08108A5523D76D9100F7FF8A /* MovieDetail.storyboard */; };
		0822BE9023EB1A19004ED1D2 /* MovieListImageNetworkController.swift in Sources */ = {isa = PBXBuildFile; fileRef = 0822BE8F23EB1A19004ED1D2 /* MovieListImageNetworkController.swift */; };
		082531D323F6EA9B008559B3 /* CoreDataStack.swift in Sources */ = {isa = PBXBuildFile; fileRef = 082531D223F6EA9B008559B3 /* CoreDataStack.swift */; };
		084C6DD72406CAF900CA0733 /* ObjectsCollectionViewCell.swift in Sources */ = {isa = PBXBuildFile; fileRef = 084C6DD62406CAF900CA0733 /* ObjectsCollectionViewCell.swift */; };
		08525CC323D2197000817A7C /* Movies.swift in Sources */ = {isa = PBXBuildFile; fileRef = 08525CC223D2197000817A7C /* Movies.swift */; };
		0865962723D74BA300B4C09A /* CastCharacter.swift in Sources */ = {isa = PBXBuildFile; fileRef = 0865962623D74BA300B4C09A /* CastCharacter.swift */; };
		0865962923D75F6000B4C09A /* Object.swift in Sources */ = {isa = PBXBuildFile; fileRef = 0865962823D75F6000B4C09A /* Object.swift */; };
		0865962B23D7602000B4C09A /* Event.swift in Sources */ = {isa = PBXBuildFile; fileRef = 0865962A23D7602000B4C09A /* Event.swift */; };
		0865963D23DB52A200B4C09A /* MovieListTableViewController.swift in Sources */ = {isa = PBXBuildFile; fileRef = 0865963923DB52A100B4C09A /* MovieListTableViewController.swift */; };
		0865963E23DB52A200B4C09A /* MovieDetailTableViewController.swift in Sources */ = {isa = PBXBuildFile; fileRef = 0865963A23DB52A100B4C09A /* MovieDetailTableViewController.swift */; };
		0865963F23DB52A200B4C09A /* MovieTableViewCell.swift in Sources */ = {isa = PBXBuildFile; fileRef = 0865963B23DB52A100B4C09A /* MovieTableViewCell.swift */; };
		0865964023DB52A200B4C09A /* OCEDetailTableViewController.swift in Sources */ = {isa = PBXBuildFile; fileRef = 0865963C23DB52A200B4C09A /* OCEDetailTableViewController.swift */; };
		0873599923F2FC0C00AB78F4 /* CastCharacterItemController.swift in Sources */ = {isa = PBXBuildFile; fileRef = 0873599823F2FC0C00AB78F4 /* CastCharacterItemController.swift */; };
		0873599B23F2FC1400AB78F4 /* CastCharacterNetworkController.swift in Sources */ = {isa = PBXBuildFile; fileRef = 0873599A23F2FC1400AB78F4 /* CastCharacterNetworkController.swift */; };
		08A165B123CE15C30056B4AC /* AppDelegate.swift in Sources */ = {isa = PBXBuildFile; fileRef = 08A165B023CE15C30056B4AC /* AppDelegate.swift */; };
		08A165B323CE15C30056B4AC /* SceneDelegate.swift in Sources */ = {isa = PBXBuildFile; fileRef = 08A165B223CE15C30056B4AC /* SceneDelegate.swift */; };
		08A165B523CE15C30056B4AC /* ViewController.swift in Sources */ = {isa = PBXBuildFile; fileRef = 08A165B423CE15C30056B4AC /* ViewController.swift */; };
		08A165B823CE15C30056B4AC /* Main.storyboard in Resources */ = {isa = PBXBuildFile; fileRef = 08A165B623CE15C30056B4AC /* Main.storyboard */; };
		08A165BA23CE15C60056B4AC /* Assets.xcassets in Resources */ = {isa = PBXBuildFile; fileRef = 08A165B923CE15C60056B4AC /* Assets.xcassets */; };
		08A165BD23CE15C60056B4AC /* LaunchScreen.storyboard in Resources */ = {isa = PBXBuildFile; fileRef = 08A165BB23CE15C60056B4AC /* LaunchScreen.storyboard */; };
		08BA6DFB23E1E1A600B64C95 /* EventsCollectionViewCell.swift in Sources */ = {isa = PBXBuildFile; fileRef = 08BA6DFA23E1E1A600B64C95 /* EventsCollectionViewCell.swift */; };
		08BA6DFD23E1F53700B64C95 /* EventsCollectionViewController.swift in Sources */ = {isa = PBXBuildFile; fileRef = 08BA6DFC23E1F53700B64C95 /* EventsCollectionViewController.swift */; };
		08BA6DFF23E1F84D00B64C95 /* ObjectCollectionViewController.swift in Sources */ = {isa = PBXBuildFile; fileRef = 08BA6DFE23E1F84D00B64C95 /* ObjectCollectionViewController.swift */; };
		08BA6E0123E1F85900B64C95 /* CharacterCollectionViewController.swift in Sources */ = {isa = PBXBuildFile; fileRef = 08BA6E0023E1F85800B64C95 /* CharacterCollectionViewController.swift */; };
		08EDF68623E1DF8F009D150D /* CollectionViewCell.swift in Sources */ = {isa = PBXBuildFile; fileRef = 08EDF68523E1DF8F009D150D /* CollectionViewCell.swift */; };
		9526431623F5981D008789CA /* CoreDataFunctions.swift in Sources */ = {isa = PBXBuildFile; fileRef = 9526431523F5981D008789CA /* CoreDataFunctions.swift */; };
		9526431823F599A8008789CA /* MovieExtension.swift in Sources */ = {isa = PBXBuildFile; fileRef = 9526431723F599A8008789CA /* MovieExtension.swift */; };
		9527B72823DF3FD300977E5D /* MovieInfoNetworkController.swift in Sources */ = {isa = PBXBuildFile; fileRef = 9527B72723DF3FD300977E5D /* MovieInfoNetworkController.swift */; };
		9527B72A23DF3FF900977E5D /* MovieInfoItemController.swift in Sources */ = {isa = PBXBuildFile; fileRef = 9527B72923DF3FF900977E5D /* MovieInfoItemController.swift */; };
		953E073F23EB21740069EC2E /* AddRelationView.storyboard in Resources */ = {isa = PBXBuildFile; fileRef = 953E073E23EB21740069EC2E /* AddRelationView.storyboard */; };
		953E074123EB222D0069EC2E /* RelationViewTableViewController.swift in Sources */ = {isa = PBXBuildFile; fileRef = 953E074023EB222D0069EC2E /* RelationViewTableViewController.swift */; };
		953E074523EB2F4B0069EC2E /* MovieModel.xcdatamodeld in Sources */ = {isa = PBXBuildFile; fileRef = 953E074323EB2F4B0069EC2E /* MovieModel.xcdatamodeld */; };
		9556447223D2671C008450B2 /* MovieListNetworkController.swift in Sources */ = {isa = PBXBuildFile; fileRef = 9556447123D2671C008450B2 /* MovieListNetworkController.swift */; };
		9556447623D26798008450B2 /* MovieListItemController.swift in Sources */ = {isa = PBXBuildFile; fileRef = 9556447523D26798008450B2 /* MovieListItemController.swift */; };
		9556447823D26D14008450B2 /* URL+Helper.swift in Sources */ = {isa = PBXBuildFile; fileRef = 9556447723D26D14008450B2 /* URL+Helper.swift */; };
		9573C97723EDB54200E5FEE7 /* OCEDetail.storyboard in Resources */ = {isa = PBXBuildFile; fileRef = 9573C97623EDB54200E5FEE7 /* OCEDetail.storyboard */; };
		95FC6A6824043063002DB463 /* Object+CoreDataClass.swift in Sources */ = {isa = PBXBuildFile; fileRef = 95FC6A6024043063002DB463 /* Object+CoreDataClass.swift */; };
		95FC6A6924043063002DB463 /* Object+CoreDataProperties.swift in Sources */ = {isa = PBXBuildFile; fileRef = 95FC6A6124043063002DB463 /* Object+CoreDataProperties.swift */; };
		95FC6A6A24043063002DB463 /* Movie+CoreDataClass.swift in Sources */ = {isa = PBXBuildFile; fileRef = 95FC6A6224043063002DB463 /* Movie+CoreDataClass.swift */; };
		95FC6A6B24043063002DB463 /* Movie+CoreDataProperties.swift in Sources */ = {isa = PBXBuildFile; fileRef = 95FC6A6324043063002DB463 /* Movie+CoreDataProperties.swift */; };
		95FC6A6C24043063002DB463 /* Event+CoreDataClass.swift in Sources */ = {isa = PBXBuildFile; fileRef = 95FC6A6424043063002DB463 /* Event+CoreDataClass.swift */; };
		95FC6A6D24043063002DB463 /* Event+CoreDataProperties.swift in Sources */ = {isa = PBXBuildFile; fileRef = 95FC6A6524043063002DB463 /* Event+CoreDataProperties.swift */; };
		95FC6A6E24043063002DB463 /* Character+CoreDataClass.swift in Sources */ = {isa = PBXBuildFile; fileRef = 95FC6A6624043063002DB463 /* Character+CoreDataClass.swift */; };
		95FC6A6F24043063002DB463 /* Character+CoreDataProperties.swift in Sources */ = {isa = PBXBuildFile; fileRef = 95FC6A6724043063002DB463 /* Character+CoreDataProperties.swift */; };
/* End PBXBuildFile section */

/* Begin PBXFileReference section */
		08108A5523D76D9100F7FF8A /* MovieDetail.storyboard */ = {isa = PBXFileReference; fileEncoding = 4; lastKnownFileType = file.storyboard; path = MovieDetail.storyboard; sourceTree = "<group>"; };
		0822BE8F23EB1A19004ED1D2 /* MovieListImageNetworkController.swift */ = {isa = PBXFileReference; fileEncoding = 4; lastKnownFileType = sourcecode.swift; path = MovieListImageNetworkController.swift; sourceTree = "<group>"; };
		082531D223F6EA9B008559B3 /* CoreDataStack.swift */ = {isa = PBXFileReference; lastKnownFileType = sourcecode.swift; path = CoreDataStack.swift; sourceTree = "<group>"; };
		084C6DD62406CAF900CA0733 /* ObjectsCollectionViewCell.swift */ = {isa = PBXFileReference; lastKnownFileType = sourcecode.swift; path = ObjectsCollectionViewCell.swift; sourceTree = "<group>"; };
		08525CC223D2197000817A7C /* Movies.swift */ = {isa = PBXFileReference; lastKnownFileType = sourcecode.swift; path = Movies.swift; sourceTree = "<group>"; };
		0865962623D74BA300B4C09A /* CastCharacter.swift */ = {isa = PBXFileReference; lastKnownFileType = sourcecode.swift; path = CastCharacter.swift; sourceTree = "<group>"; };
		0865962823D75F6000B4C09A /* Object.swift */ = {isa = PBXFileReference; lastKnownFileType = sourcecode.swift; path = Object.swift; sourceTree = "<group>"; };
		0865962A23D7602000B4C09A /* Event.swift */ = {isa = PBXFileReference; lastKnownFileType = sourcecode.swift; path = Event.swift; sourceTree = "<group>"; };
		0865963923DB52A100B4C09A /* MovieListTableViewController.swift */ = {isa = PBXFileReference; fileEncoding = 4; lastKnownFileType = sourcecode.swift; path = MovieListTableViewController.swift; sourceTree = "<group>"; };
		0865963A23DB52A100B4C09A /* MovieDetailTableViewController.swift */ = {isa = PBXFileReference; fileEncoding = 4; lastKnownFileType = sourcecode.swift; path = MovieDetailTableViewController.swift; sourceTree = "<group>"; };
		0865963B23DB52A100B4C09A /* MovieTableViewCell.swift */ = {isa = PBXFileReference; fileEncoding = 4; lastKnownFileType = sourcecode.swift; path = MovieTableViewCell.swift; sourceTree = "<group>"; };
		0865963C23DB52A200B4C09A /* OCEDetailTableViewController.swift */ = {isa = PBXFileReference; fileEncoding = 4; lastKnownFileType = sourcecode.swift; path = OCEDetailTableViewController.swift; sourceTree = "<group>"; };
		0873599823F2FC0C00AB78F4 /* CastCharacterItemController.swift */ = {isa = PBXFileReference; fileEncoding = 4; lastKnownFileType = sourcecode.swift; path = CastCharacterItemController.swift; sourceTree = "<group>"; };
		0873599A23F2FC1400AB78F4 /* CastCharacterNetworkController.swift */ = {isa = PBXFileReference; fileEncoding = 4; lastKnownFileType = sourcecode.swift; path = CastCharacterNetworkController.swift; sourceTree = "<group>"; };
		08A165AD23CE15C30056B4AC /* GroupProjectApp.app */ = {isa = PBXFileReference; explicitFileType = wrapper.application; includeInIndex = 0; path = GroupProjectApp.app; sourceTree = BUILT_PRODUCTS_DIR; };
		08A165B023CE15C30056B4AC /* AppDelegate.swift */ = {isa = PBXFileReference; lastKnownFileType = sourcecode.swift; path = AppDelegate.swift; sourceTree = "<group>"; };
		08A165B223CE15C30056B4AC /* SceneDelegate.swift */ = {isa = PBXFileReference; lastKnownFileType = sourcecode.swift; path = SceneDelegate.swift; sourceTree = "<group>"; };
		08A165B423CE15C30056B4AC /* ViewController.swift */ = {isa = PBXFileReference; lastKnownFileType = sourcecode.swift; path = ViewController.swift; sourceTree = "<group>"; };
		08A165B723CE15C30056B4AC /* Base */ = {isa = PBXFileReference; lastKnownFileType = file.storyboard; name = Base; path = Base.lproj/Main.storyboard; sourceTree = "<group>"; };
		08A165B923CE15C60056B4AC /* Assets.xcassets */ = {isa = PBXFileReference; lastKnownFileType = folder.assetcatalog; path = Assets.xcassets; sourceTree = "<group>"; };
		08A165BC23CE15C60056B4AC /* Base */ = {isa = PBXFileReference; lastKnownFileType = file.storyboard; name = Base; path = Base.lproj/LaunchScreen.storyboard; sourceTree = "<group>"; };
		08A165BE23CE15C60056B4AC /* Info.plist */ = {isa = PBXFileReference; lastKnownFileType = text.plist.xml; path = Info.plist; sourceTree = "<group>"; };
		08BA6DFA23E1E1A600B64C95 /* EventsCollectionViewCell.swift */ = {isa = PBXFileReference; lastKnownFileType = sourcecode.swift; path = EventsCollectionViewCell.swift; sourceTree = "<group>"; };
		08BA6DFC23E1F53700B64C95 /* EventsCollectionViewController.swift */ = {isa = PBXFileReference; lastKnownFileType = sourcecode.swift; path = EventsCollectionViewController.swift; sourceTree = "<group>"; };
		08BA6DFE23E1F84D00B64C95 /* ObjectCollectionViewController.swift */ = {isa = PBXFileReference; lastKnownFileType = sourcecode.swift; path = ObjectCollectionViewController.swift; sourceTree = "<group>"; };
		08BA6E0023E1F85800B64C95 /* CharacterCollectionViewController.swift */ = {isa = PBXFileReference; lastKnownFileType = sourcecode.swift; path = CharacterCollectionViewController.swift; sourceTree = "<group>"; };
		08EDF68523E1DF8F009D150D /* CollectionViewCell.swift */ = {isa = PBXFileReference; lastKnownFileType = sourcecode.swift; path = CollectionViewCell.swift; sourceTree = "<group>"; };
		9526431523F5981D008789CA /* CoreDataFunctions.swift */ = {isa = PBXFileReference; lastKnownFileType = sourcecode.swift; path = CoreDataFunctions.swift; sourceTree = "<group>"; };
		9526431723F599A8008789CA /* MovieExtension.swift */ = {isa = PBXFileReference; lastKnownFileType = sourcecode.swift; path = MovieExtension.swift; sourceTree = "<group>"; };
		9527B72723DF3FD300977E5D /* MovieInfoNetworkController.swift */ = {isa = PBXFileReference; lastKnownFileType = sourcecode.swift; path = MovieInfoNetworkController.swift; sourceTree = "<group>"; };
		9527B72923DF3FF900977E5D /* MovieInfoItemController.swift */ = {isa = PBXFileReference; lastKnownFileType = sourcecode.swift; path = MovieInfoItemController.swift; sourceTree = "<group>"; };
		953E073E23EB21740069EC2E /* AddRelationView.storyboard */ = {isa = PBXFileReference; lastKnownFileType = file.storyboard; path = AddRelationView.storyboard; sourceTree = "<group>"; };
		953E074023EB222D0069EC2E /* RelationViewTableViewController.swift */ = {isa = PBXFileReference; lastKnownFileType = sourcecode.swift; path = RelationViewTableViewController.swift; sourceTree = "<group>"; };
		953E074423EB2F4B0069EC2E /* MovieModel.xcdatamodel */ = {isa = PBXFileReference; lastKnownFileType = wrapper.xcdatamodel; path = MovieModel.xcdatamodel; sourceTree = "<group>"; };
		9556447123D2671C008450B2 /* MovieListNetworkController.swift */ = {isa = PBXFileReference; lastKnownFileType = sourcecode.swift; path = MovieListNetworkController.swift; sourceTree = "<group>"; };
		9556447523D26798008450B2 /* MovieListItemController.swift */ = {isa = PBXFileReference; lastKnownFileType = sourcecode.swift; path = MovieListItemController.swift; sourceTree = "<group>"; };
		9556447723D26D14008450B2 /* URL+Helper.swift */ = {isa = PBXFileReference; lastKnownFileType = sourcecode.swift; path = "URL+Helper.swift"; sourceTree = "<group>"; };
		9573C97623EDB54200E5FEE7 /* OCEDetail.storyboard */ = {isa = PBXFileReference; fileEncoding = 4; lastKnownFileType = file.storyboard; path = OCEDetail.storyboard; sourceTree = "<group>"; };
		95FC6A6024043063002DB463 /* Object+CoreDataClass.swift */ = {isa = PBXFileReference; lastKnownFileType = sourcecode.swift; path = "Object+CoreDataClass.swift"; sourceTree = "<group>"; };
		95FC6A6124043063002DB463 /* Object+CoreDataProperties.swift */ = {isa = PBXFileReference; lastKnownFileType = sourcecode.swift; path = "Object+CoreDataProperties.swift"; sourceTree = "<group>"; };
		95FC6A6224043063002DB463 /* Movie+CoreDataClass.swift */ = {isa = PBXFileReference; lastKnownFileType = sourcecode.swift; path = "Movie+CoreDataClass.swift"; sourceTree = "<group>"; };
		95FC6A6324043063002DB463 /* Movie+CoreDataProperties.swift */ = {isa = PBXFileReference; lastKnownFileType = sourcecode.swift; path = "Movie+CoreDataProperties.swift"; sourceTree = "<group>"; };
		95FC6A6424043063002DB463 /* Event+CoreDataClass.swift */ = {isa = PBXFileReference; lastKnownFileType = sourcecode.swift; path = "Event+CoreDataClass.swift"; sourceTree = "<group>"; };
		95FC6A6524043063002DB463 /* Event+CoreDataProperties.swift */ = {isa = PBXFileReference; lastKnownFileType = sourcecode.swift; path = "Event+CoreDataProperties.swift"; sourceTree = "<group>"; };
		95FC6A6624043063002DB463 /* Character+CoreDataClass.swift */ = {isa = PBXFileReference; lastKnownFileType = sourcecode.swift; path = "Character+CoreDataClass.swift"; sourceTree = "<group>"; };
		95FC6A6724043063002DB463 /* Character+CoreDataProperties.swift */ = {isa = PBXFileReference; lastKnownFileType = sourcecode.swift; path = "Character+CoreDataProperties.swift"; sourceTree = "<group>"; };
/* End PBXFileReference section */

/* Begin PBXFrameworksBuildPhase section */
		08A165AA23CE15C30056B4AC /* Frameworks */ = {
			isa = PBXFrameworksBuildPhase;
			buildActionMask = 2147483647;
			files = (
			);
			runOnlyForDeploymentPostprocessing = 0;
		};
/* End PBXFrameworksBuildPhase section */

/* Begin PBXGroup section */
		08525CC023D2190A00817A7C /* View */ = {
			isa = PBXGroup;
			children = (
				0865963A23DB52A100B4C09A /* MovieDetailTableViewController.swift */,
				0865963923DB52A100B4C09A /* MovieListTableViewController.swift */,
				0865963B23DB52A100B4C09A /* MovieTableViewCell.swift */,
				0865963C23DB52A200B4C09A /* OCEDetailTableViewController.swift */,
				08EDF68523E1DF8F009D150D /* CollectionViewCell.swift */,
				08BA6DFA23E1E1A600B64C95 /* EventsCollectionViewCell.swift */,
				084C6DD62406CAF900CA0733 /* ObjectsCollectionViewCell.swift */,
				953E074023EB222D0069EC2E /* RelationViewTableViewController.swift */,
			);
			path = View;
			sourceTree = "<group>";
		};
		08525CC123D2191400817A7C /* Model */ = {
			isa = PBXGroup;
			children = (
				08525CC223D2197000817A7C /* Movies.swift */,
				0865962623D74BA300B4C09A /* CastCharacter.swift */,
				0865962823D75F6000B4C09A /* Object.swift */,
				0865962A23D7602000B4C09A /* Event.swift */,
				9526431723F599A8008789CA /* MovieExtension.swift */,
			);
			path = Model;
			sourceTree = "<group>";
		};
		086C30FA240034CF00016AA6 /* suckyName */ = {
			isa = PBXGroup;
			children = (
				95FC6A6024043063002DB463 /* Object+CoreDataClass.swift */,
				95FC6A6124043063002DB463 /* Object+CoreDataProperties.swift */,
				95FC6A6224043063002DB463 /* Movie+CoreDataClass.swift */,
				95FC6A6324043063002DB463 /* Movie+CoreDataProperties.swift */,
				95FC6A6424043063002DB463 /* Event+CoreDataClass.swift */,
				95FC6A6524043063002DB463 /* Event+CoreDataProperties.swift */,
				95FC6A6624043063002DB463 /* Character+CoreDataClass.swift */,
				95FC6A6724043063002DB463 /* Character+CoreDataProperties.swift */,
			);
			path = suckyName;
			sourceTree = "<group>";
		};
		08A165A423CE15C30056B4AC = {
			isa = PBXGroup;
			children = (
				08108A5523D76D9100F7FF8A /* MovieDetail.storyboard */,
				9573C97623EDB54200E5FEE7 /* OCEDetail.storyboard */,
				953E073E23EB21740069EC2E /* AddRelationView.storyboard */,
				08A165AF23CE15C30056B4AC /* GroupProjectApp */,
				08A165AE23CE15C30056B4AC /* Products */,
			);
			sourceTree = "<group>";
		};
		08A165AE23CE15C30056B4AC /* Products */ = {
			isa = PBXGroup;
			children = (
				08A165AD23CE15C30056B4AC /* GroupProjectApp.app */,
			);
			name = Products;
			sourceTree = "<group>";
		};
		08A165AF23CE15C30056B4AC /* GroupProjectApp */ = {
			isa = PBXGroup;
			children = (
				953E074223EB2F290069EC2E /* Core Data */,
				9556447023D266E6008450B2 /* Controller */,
				08525CC123D2191400817A7C /* Model */,
				08525CC023D2190A00817A7C /* View */,
				08A165B023CE15C30056B4AC /* AppDelegate.swift */,
				08A165B223CE15C30056B4AC /* SceneDelegate.swift */,
				08A165B423CE15C30056B4AC /* ViewController.swift */,
				08A165B623CE15C30056B4AC /* Main.storyboard */,
				08A165B923CE15C60056B4AC /* Assets.xcassets */,
				08A165BB23CE15C60056B4AC /* LaunchScreen.storyboard */,
				08A165BE23CE15C60056B4AC /* Info.plist */,
			);
			path = GroupProjectApp;
			sourceTree = "<group>";
		};
		953E074223EB2F290069EC2E /* Core Data */ = {
			isa = PBXGroup;
			children = (
				086C30FA240034CF00016AA6 /* suckyName */,
				953E074323EB2F4B0069EC2E /* MovieModel.xcdatamodeld */,
				9526431523F5981D008789CA /* CoreDataFunctions.swift */,
				082531D223F6EA9B008559B3 /* CoreDataStack.swift */,
			);
			path = "Core Data";
			sourceTree = "<group>";
		};
		9556447023D266E6008450B2 /* Controller */ = {
			isa = PBXGroup;
			children = (
				9556447123D2671C008450B2 /* MovieListNetworkController.swift */,
				9556447523D26798008450B2 /* MovieListItemController.swift */,
				9527B72723DF3FD300977E5D /* MovieInfoNetworkController.swift */,
				9527B72923DF3FF900977E5D /* MovieInfoItemController.swift */,
				0822BE8F23EB1A19004ED1D2 /* MovieListImageNetworkController.swift */,
				9556447723D26D14008450B2 /* URL+Helper.swift */,
				08BA6E0023E1F85800B64C95 /* CharacterCollectionViewController.swift */,
				08BA6DFC23E1F53700B64C95 /* EventsCollectionViewController.swift */,
				08BA6DFE23E1F84D00B64C95 /* ObjectCollectionViewController.swift */,
				0873599823F2FC0C00AB78F4 /* CastCharacterItemController.swift */,
				0873599A23F2FC1400AB78F4 /* CastCharacterNetworkController.swift */,
			);
			path = Controller;
			sourceTree = "<group>";
		};
/* End PBXGroup section */

/* Begin PBXNativeTarget section */
		08A165AC23CE15C30056B4AC /* GroupProjectApp */ = {
			isa = PBXNativeTarget;
			buildConfigurationList = 08A165C123CE15C60056B4AC /* Build configuration list for PBXNativeTarget "GroupProjectApp" */;
			buildPhases = (
				08A165A923CE15C30056B4AC /* Sources */,
				08A165AA23CE15C30056B4AC /* Frameworks */,
				08A165AB23CE15C30056B4AC /* Resources */,
			);
			buildRules = (
			);
			dependencies = (
			);
			name = GroupProjectApp;
			productName = GroupProjectApp;
			productReference = 08A165AD23CE15C30056B4AC /* GroupProjectApp.app */;
			productType = "com.apple.product-type.application";
		};
/* End PBXNativeTarget section */

/* Begin PBXProject section */
		08A165A523CE15C30056B4AC /* Project object */ = {
			isa = PBXProject;
			attributes = {
				LastSwiftUpdateCheck = 1130;
				LastUpgradeCheck = 1130;
				ORGANIZATIONNAME = "Miguel Figueroa";
				TargetAttributes = {
					08A165AC23CE15C30056B4AC = {
						CreatedOnToolsVersion = 11.3.1;
					};
				};
			};
			buildConfigurationList = 08A165A823CE15C30056B4AC /* Build configuration list for PBXProject "GroupProjectApp" */;
			compatibilityVersion = "Xcode 9.3";
			developmentRegion = en;
			hasScannedForEncodings = 0;
			knownRegions = (
				en,
				Base,
			);
			mainGroup = 08A165A423CE15C30056B4AC;
			productRefGroup = 08A165AE23CE15C30056B4AC /* Products */;
			projectDirPath = "";
			projectRoot = "";
			targets = (
				08A165AC23CE15C30056B4AC /* GroupProjectApp */,
			);
		};
/* End PBXProject section */

/* Begin PBXResourcesBuildPhase section */
		08A165AB23CE15C30056B4AC /* Resources */ = {
			isa = PBXResourcesBuildPhase;
			buildActionMask = 2147483647;
			files = (
				08108A5623D76D9100F7FF8A /* MovieDetail.storyboard in Resources */,
				08A165BD23CE15C60056B4AC /* LaunchScreen.storyboard in Resources */,
				08A165BA23CE15C60056B4AC /* Assets.xcassets in Resources */,
				9573C97723EDB54200E5FEE7 /* OCEDetail.storyboard in Resources */,
				08A165B823CE15C30056B4AC /* Main.storyboard in Resources */,
				953E073F23EB21740069EC2E /* AddRelationView.storyboard in Resources */,
			);
			runOnlyForDeploymentPostprocessing = 0;
		};
/* End PBXResourcesBuildPhase section */

/* Begin PBXSourcesBuildPhase section */
		08A165A923CE15C30056B4AC /* Sources */ = {
			isa = PBXSourcesBuildPhase;
			buildActionMask = 2147483647;
			files = (
				95FC6A6824043063002DB463 /* Object+CoreDataClass.swift in Sources */,
				9556447623D26798008450B2 /* MovieListItemController.swift in Sources */,
				0822BE9023EB1A19004ED1D2 /* MovieListImageNetworkController.swift in Sources */,
				08A165B523CE15C30056B4AC /* ViewController.swift in Sources */,
				08EDF68623E1DF8F009D150D /* CollectionViewCell.swift in Sources */,
				0865962923D75F6000B4C09A /* Object.swift in Sources */,
				08A165B123CE15C30056B4AC /* AppDelegate.swift in Sources */,
				95FC6A6A24043063002DB463 /* Movie+CoreDataClass.swift in Sources */,
				9526431623F5981D008789CA /* CoreDataFunctions.swift in Sources */,
				08BA6DFB23E1E1A600B64C95 /* EventsCollectionViewCell.swift in Sources */,
				9526431823F599A8008789CA /* MovieExtension.swift in Sources */,
				9556447223D2671C008450B2 /* MovieListNetworkController.swift in Sources */,
				95FC6A6E24043063002DB463 /* Character+CoreDataClass.swift in Sources */,
				95FC6A6F24043063002DB463 /* Character+CoreDataProperties.swift in Sources */,
				953E074123EB222D0069EC2E /* RelationViewTableViewController.swift in Sources */,
				9556447823D26D14008450B2 /* URL+Helper.swift in Sources */,
				95FC6A6924043063002DB463 /* Object+CoreDataProperties.swift in Sources */,
				08525CC323D2197000817A7C /* Movies.swift in Sources */,
				0873599B23F2FC1400AB78F4 /* CastCharacterNetworkController.swift in Sources */,
				9527B72A23DF3FF900977E5D /* MovieInfoItemController.swift in Sources */,
				08A165B323CE15C30056B4AC /* SceneDelegate.swift in Sources */,
				95FC6A6C24043063002DB463 /* Event+CoreDataClass.swift in Sources */,
				0865964023DB52A200B4C09A /* OCEDetailTableViewController.swift in Sources */,
				08BA6E0123E1F85900B64C95 /* CharacterCollectionViewController.swift in Sources */,
				0865962B23D7602000B4C09A /* Event.swift in Sources */,
				953E074523EB2F4B0069EC2E /* MovieModel.xcdatamodeld in Sources */,
				08BA6DFF23E1F84D00B64C95 /* ObjectCollectionViewController.swift in Sources */,
				0865963E23DB52A200B4C09A /* MovieDetailTableViewController.swift in Sources */,
				9527B72823DF3FD300977E5D /* MovieInfoNetworkController.swift in Sources */,
				084C6DD72406CAF900CA0733 /* ObjectsCollectionViewCell.swift in Sources */,
				0873599923F2FC0C00AB78F4 /* CastCharacterItemController.swift in Sources */,
				95FC6A6B24043063002DB463 /* Movie+CoreDataProperties.swift in Sources */,
				95FC6A6D24043063002DB463 /* Event+CoreDataProperties.swift in Sources */,
				08BA6DFD23E1F53700B64C95 /* EventsCollectionViewController.swift in Sources */,
				0865962723D74BA300B4C09A /* CastCharacter.swift in Sources */,
				0865963D23DB52A200B4C09A /* MovieListTableViewController.swift in Sources */,
				0865963F23DB52A200B4C09A /* MovieTableViewCell.swift in Sources */,
				082531D323F6EA9B008559B3 /* CoreDataStack.swift in Sources */,
			);
			runOnlyForDeploymentPostprocessing = 0;
		};
/* End PBXSourcesBuildPhase section */

/* Begin PBXVariantGroup section */
		08A165B623CE15C30056B4AC /* Main.storyboard */ = {
			isa = PBXVariantGroup;
			children = (
				08A165B723CE15C30056B4AC /* Base */,
			);
			name = Main.storyboard;
			sourceTree = "<group>";
		};
		08A165BB23CE15C60056B4AC /* LaunchScreen.storyboard */ = {
			isa = PBXVariantGroup;
			children = (
				08A165BC23CE15C60056B4AC /* Base */,
			);
			name = LaunchScreen.storyboard;
			sourceTree = "<group>";
		};
/* End PBXVariantGroup section */

/* Begin XCBuildConfiguration section */
		08A165BF23CE15C60056B4AC /* Debug */ = {
			isa = XCBuildConfiguration;
			buildSettings = {
				ALWAYS_SEARCH_USER_PATHS = NO;
				CLANG_ANALYZER_NONNULL = YES;
				CLANG_ANALYZER_NUMBER_OBJECT_CONVERSION = YES_AGGRESSIVE;
				CLANG_CXX_LANGUAGE_STANDARD = "gnu++14";
				CLANG_CXX_LIBRARY = "libc++";
				CLANG_ENABLE_MODULES = YES;
				CLANG_ENABLE_OBJC_ARC = YES;
				CLANG_ENABLE_OBJC_WEAK = YES;
				CLANG_WARN_BLOCK_CAPTURE_AUTORELEASING = YES;
				CLANG_WARN_BOOL_CONVERSION = YES;
				CLANG_WARN_COMMA = YES;
				CLANG_WARN_CONSTANT_CONVERSION = YES;
				CLANG_WARN_DEPRECATED_OBJC_IMPLEMENTATIONS = YES;
				CLANG_WARN_DIRECT_OBJC_ISA_USAGE = YES_ERROR;
				CLANG_WARN_DOCUMENTATION_COMMENTS = YES;
				CLANG_WARN_EMPTY_BODY = YES;
				CLANG_WARN_ENUM_CONVERSION = YES;
				CLANG_WARN_INFINITE_RECURSION = YES;
				CLANG_WARN_INT_CONVERSION = YES;
				CLANG_WARN_NON_LITERAL_NULL_CONVERSION = YES;
				CLANG_WARN_OBJC_IMPLICIT_RETAIN_SELF = YES;
				CLANG_WARN_OBJC_LITERAL_CONVERSION = YES;
				CLANG_WARN_OBJC_ROOT_CLASS = YES_ERROR;
				CLANG_WARN_RANGE_LOOP_ANALYSIS = YES;
				CLANG_WARN_STRICT_PROTOTYPES = YES;
				CLANG_WARN_SUSPICIOUS_MOVE = YES;
				CLANG_WARN_UNGUARDED_AVAILABILITY = YES_AGGRESSIVE;
				CLANG_WARN_UNREACHABLE_CODE = YES;
				CLANG_WARN__DUPLICATE_METHOD_MATCH = YES;
				COPY_PHASE_STRIP = NO;
				DEBUG_INFORMATION_FORMAT = dwarf;
				ENABLE_STRICT_OBJC_MSGSEND = YES;
				ENABLE_TESTABILITY = YES;
				GCC_C_LANGUAGE_STANDARD = gnu11;
				GCC_DYNAMIC_NO_PIC = NO;
				GCC_NO_COMMON_BLOCKS = YES;
				GCC_OPTIMIZATION_LEVEL = 0;
				GCC_PREPROCESSOR_DEFINITIONS = (
					"DEBUG=1",
					"$(inherited)",
				);
				GCC_WARN_64_TO_32_BIT_CONVERSION = YES;
				GCC_WARN_ABOUT_RETURN_TYPE = YES_ERROR;
				GCC_WARN_UNDECLARED_SELECTOR = YES;
				GCC_WARN_UNINITIALIZED_AUTOS = YES_AGGRESSIVE;
				GCC_WARN_UNUSED_FUNCTION = YES;
				GCC_WARN_UNUSED_VARIABLE = YES;
				IPHONEOS_DEPLOYMENT_TARGET = 13.2;
				MTL_ENABLE_DEBUG_INFO = INCLUDE_SOURCE;
				MTL_FAST_MATH = YES;
				ONLY_ACTIVE_ARCH = YES;
				SDKROOT = iphoneos;
				SWIFT_ACTIVE_COMPILATION_CONDITIONS = DEBUG;
				SWIFT_OPTIMIZATION_LEVEL = "-Onone";
			};
			name = Debug;
		};
		08A165C023CE15C60056B4AC /* Release */ = {
			isa = XCBuildConfiguration;
			buildSettings = {
				ALWAYS_SEARCH_USER_PATHS = NO;
				CLANG_ANALYZER_NONNULL = YES;
				CLANG_ANALYZER_NUMBER_OBJECT_CONVERSION = YES_AGGRESSIVE;
				CLANG_CXX_LANGUAGE_STANDARD = "gnu++14";
				CLANG_CXX_LIBRARY = "libc++";
				CLANG_ENABLE_MODULES = YES;
				CLANG_ENABLE_OBJC_ARC = YES;
				CLANG_ENABLE_OBJC_WEAK = YES;
				CLANG_WARN_BLOCK_CAPTURE_AUTORELEASING = YES;
				CLANG_WARN_BOOL_CONVERSION = YES;
				CLANG_WARN_COMMA = YES;
				CLANG_WARN_CONSTANT_CONVERSION = YES;
				CLANG_WARN_DEPRECATED_OBJC_IMPLEMENTATIONS = YES;
				CLANG_WARN_DIRECT_OBJC_ISA_USAGE = YES_ERROR;
				CLANG_WARN_DOCUMENTATION_COMMENTS = YES;
				CLANG_WARN_EMPTY_BODY = YES;
				CLANG_WARN_ENUM_CONVERSION = YES;
				CLANG_WARN_INFINITE_RECURSION = YES;
				CLANG_WARN_INT_CONVERSION = YES;
				CLANG_WARN_NON_LITERAL_NULL_CONVERSION = YES;
				CLANG_WARN_OBJC_IMPLICIT_RETAIN_SELF = YES;
				CLANG_WARN_OBJC_LITERAL_CONVERSION = YES;
				CLANG_WARN_OBJC_ROOT_CLASS = YES_ERROR;
				CLANG_WARN_RANGE_LOOP_ANALYSIS = YES;
				CLANG_WARN_STRICT_PROTOTYPES = YES;
				CLANG_WARN_SUSPICIOUS_MOVE = YES;
				CLANG_WARN_UNGUARDED_AVAILABILITY = YES_AGGRESSIVE;
				CLANG_WARN_UNREACHABLE_CODE = YES;
				CLANG_WARN__DUPLICATE_METHOD_MATCH = YES;
				COPY_PHASE_STRIP = NO;
				DEBUG_INFORMATION_FORMAT = "dwarf-with-dsym";
				ENABLE_NS_ASSERTIONS = NO;
				ENABLE_STRICT_OBJC_MSGSEND = YES;
				GCC_C_LANGUAGE_STANDARD = gnu11;
				GCC_NO_COMMON_BLOCKS = YES;
				GCC_WARN_64_TO_32_BIT_CONVERSION = YES;
				GCC_WARN_ABOUT_RETURN_TYPE = YES_ERROR;
				GCC_WARN_UNDECLARED_SELECTOR = YES;
				GCC_WARN_UNINITIALIZED_AUTOS = YES_AGGRESSIVE;
				GCC_WARN_UNUSED_FUNCTION = YES;
				GCC_WARN_UNUSED_VARIABLE = YES;
				IPHONEOS_DEPLOYMENT_TARGET = 13.2;
				MTL_ENABLE_DEBUG_INFO = NO;
				MTL_FAST_MATH = YES;
				SDKROOT = iphoneos;
				SWIFT_COMPILATION_MODE = wholemodule;
				SWIFT_OPTIMIZATION_LEVEL = "-O";
				VALIDATE_PRODUCT = YES;
			};
			name = Release;
		};
		08A165C223CE15C60056B4AC /* Debug */ = {
			isa = XCBuildConfiguration;
			buildSettings = {
				ASSETCATALOG_COMPILER_APPICON_NAME = AppIcon;
				CODE_SIGN_STYLE = Automatic;
				DEVELOPMENT_TEAM = WB8D3393TF;
				INFOPLIST_FILE = GroupProjectApp/Info.plist;
				LD_RUNPATH_SEARCH_PATHS = (
					"$(inherited)",
					"@executable_path/Frameworks",
				);
				PRODUCT_BUNDLE_IDENTIFIER = com.miguelfigueroa.GroupProjectApp;
				PRODUCT_NAME = "$(TARGET_NAME)";
				SWIFT_VERSION = 5.0;
				TARGETED_DEVICE_FAMILY = "1,2";
			};
			name = Debug;
		};
		08A165C323CE15C60056B4AC /* Release */ = {
			isa = XCBuildConfiguration;
			buildSettings = {
				ASSETCATALOG_COMPILER_APPICON_NAME = AppIcon;
				CODE_SIGN_STYLE = Automatic;
				DEVELOPMENT_TEAM = WB8D3393TF;
				INFOPLIST_FILE = GroupProjectApp/Info.plist;
				LD_RUNPATH_SEARCH_PATHS = (
					"$(inherited)",
					"@executable_path/Frameworks",
				);
				PRODUCT_BUNDLE_IDENTIFIER = com.miguelfigueroa.GroupProjectApp;
				PRODUCT_NAME = "$(TARGET_NAME)";
				SWIFT_VERSION = 5.0;
				TARGETED_DEVICE_FAMILY = "1,2";
			};
			name = Release;
		};
/* End XCBuildConfiguration section */

/* Begin XCConfigurationList section */
		08A165A823CE15C30056B4AC /* Build configuration list for PBXProject "GroupProjectApp" */ = {
			isa = XCConfigurationList;
			buildConfigurations = (
				08A165BF23CE15C60056B4AC /* Debug */,
				08A165C023CE15C60056B4AC /* Release */,
			);
			defaultConfigurationIsVisible = 0;
			defaultConfigurationName = Release;
		};
		08A165C123CE15C60056B4AC /* Build configuration list for PBXNativeTarget "GroupProjectApp" */ = {
			isa = XCConfigurationList;
			buildConfigurations = (
				08A165C223CE15C60056B4AC /* Debug */,
				08A165C323CE15C60056B4AC /* Release */,
			);
			defaultConfigurationIsVisible = 0;
			defaultConfigurationName = Release;
		};
/* End XCConfigurationList section */

/* Begin XCVersionGroup section */
		953E074323EB2F4B0069EC2E /* MovieModel.xcdatamodeld */ = {
			isa = XCVersionGroup;
			children = (
				953E074423EB2F4B0069EC2E /* MovieModel.xcdatamodel */,
			);
			currentVersion = 953E074423EB2F4B0069EC2E /* MovieModel.xcdatamodel */;
			path = MovieModel.xcdatamodeld;
			sourceTree = "<group>";
			versionGroupType = wrapper.xcdatamodel;
		};
/* End XCVersionGroup section */
	};
	rootObject = 08A165A523CE15C30056B4AC /* Project object */;
}
