// !$*UTF8*$!
{
	archiveVersion = 1;
	classes = {
	};
	objectVersion = 50;
	objects = {

/* Begin PBXBuildFile section */
		08525CC323D2197000817A7C /* Movies.swift in Sources */ = {isa = PBXBuildFile; fileRef = 08525CC223D2197000817A7C /* Movies.swift */; };
		0865962723D74BA300B4C09A /* CastCharacter.swift in Sources */ = {isa = PBXBuildFile; fileRef = 0865962623D74BA300B4C09A /* CastCharacter.swift */; };
		08A165B123CE15C30056B4AC /* AppDelegate.swift in Sources */ = {isa = PBXBuildFile; fileRef = 08A165B023CE15C30056B4AC /* AppDelegate.swift */; };
		08A165B323CE15C30056B4AC /* SceneDelegate.swift in Sources */ = {isa = PBXBuildFile; fileRef = 08A165B223CE15C30056B4AC /* SceneDelegate.swift */; };
		08A165B523CE15C30056B4AC /* ViewController.swift in Sources */ = {isa = PBXBuildFile; fileRef = 08A165B423CE15C30056B4AC /* ViewController.swift */; };
		08A165B823CE15C30056B4AC /* Main.storyboard in Resources */ = {isa = PBXBuildFile; fileRef = 08A165B623CE15C30056B4AC /* Main.storyboard */; };
		08A165BA23CE15C60056B4AC /* Assets.xcassets in Resources */ = {isa = PBXBuildFile; fileRef = 08A165B923CE15C60056B4AC /* Assets.xcassets */; };
		08A165BD23CE15C60056B4AC /* LaunchScreen.storyboard in Resources */ = {isa = PBXBuildFile; fileRef = 08A165BB23CE15C60056B4AC /* LaunchScreen.storyboard */; };
/* End PBXBuildFile section */

/* Begin PBXFileReference section */
		08525CC223D2197000817A7C /* Movies.swift */ = {isa = PBXFileReference; lastKnownFileType = sourcecode.swift; path = Movies.swift; sourceTree = "<group>"; };
		0865962623D74BA300B4C09A /* CastCharacter.swift */ = {isa = PBXFileReference; lastKnownFileType = sourcecode.swift; path = CastCharacter.swift; sourceTree = "<group>"; };
		08A165AD23CE15C30056B4AC /* GroupProjectApp.app */ = {isa = PBXFileReference; explicitFileType = wrapper.application; includeInIndex = 0; path = GroupProjectApp.app; sourceTree = BUILT_PRODUCTS_DIR; };
		08A165B023CE15C30056B4AC /* AppDelegate.swift */ = {isa = PBXFileReference; lastKnownFileType = sourcecode.swift; path = AppDelegate.swift; sourceTree = "<group>"; };
		08A165B223CE15C30056B4AC /* SceneDelegate.swift */ = {isa = PBXFileReference; lastKnownFileType = sourcecode.swift; path = SceneDelegate.swift; sourceTree = "<group>"; };
		08A165B423CE15C30056B4AC /* ViewController.swift */ = {isa = PBXFileReference; lastKnownFileType = sourcecode.swift; path = ViewController.swift; sourceTree = "<group>"; };
		08A165B723CE15C30056B4AC /* Base */ = {isa = PBXFileReference; lastKnownFileType = file.storyboard; name = Base; path = Base.lproj/Main.storyboard; sourceTree = "<group>"; };
		08A165B923CE15C60056B4AC /* Assets.xcassets */ = {isa = PBXFileReference; lastKnownFileType = folder.assetcatalog; path = Assets.xcassets; sourceTree = "<group>"; };
		08A165BC23CE15C60056B4AC /* Base */ = {isa = PBXFileReference; lastKnownFileType = file.storyboard; name = Base; path = Base.lproj/LaunchScreen.storyboard; sourceTree = "<group>"; };
		08A165BE23CE15C60056B4AC /* Info.plist */ = {isa = PBXFileReference; lastKnownFileType = text.plist.xml; path = Info.plist; sourceTree = "<group>"; };
/* End PBXFileReference section */

/* Begin PBXFrameworksBuildPhase section */
		08A165AA23CE15C30056B4AC /* Frameworks */ = {
			isa = PBXFrameworksBuildPhase;
			buildActionMask = 2147483647;
			files = (
			);
			runOnlyForDeploymentPostprocessing = 0;
		};
/* End PBXFrameworksBuildPhase section */

/* Begin PBXGroup section */
		08525CBF23D218FC00817A7C /* Controller */ = {
			isa = PBXGroup;
			children = (
			);
			path = Controller;
			sourceTree = "<group>";
		};
		08525CC023D2190A00817A7C /* View */ = {
			isa = PBXGroup;
			children = (
			);
			path = View;
			sourceTree = "<group>";
		};
		08525CC123D2191400817A7C /* Model */ = {
			isa = PBXGroup;
			children = (
				08525CC223D2197000817A7C /* Movies.swift */,
				0865962623D74BA300B4C09A /* CastCharacter.swift */,
			);
			path = Model;
			sourceTree = "<group>";
		};
		08A165A423CE15C30056B4AC = {
			isa = PBXGroup;
			children = (
				08A165AF23CE15C30056B4AC /* GroupProjectApp */,
				08A165AE23CE15C30056B4AC /* Products */,
			);
			sourceTree = "<group>";
		};
		08A165AE23CE15C30056B4AC /* Products */ = {
			isa = PBXGroup;
			children = (
				08A165AD23CE15C30056B4AC /* GroupProjectApp.app */,
			);
			name = Products;
			sourceTree = "<group>";
		};
		08A165AF23CE15C30056B4AC /* GroupProjectApp */ = {
			isa = PBXGroup;
			children = (
				08525CC123D2191400817A7C /* Model */,
				08525CC023D2190A00817A7C /* View */,
				08525CBF23D218FC00817A7C /* Controller */,
				08A165B023CE15C30056B4AC /* AppDelegate.swift */,
				08A165B223CE15C30056B4AC /* SceneDelegate.swift */,
				08A165B423CE15C30056B4AC /* ViewController.swift */,
				08A165B623CE15C30056B4AC /* Main.storyboard */,
				08A165B923CE15C60056B4AC /* Assets.xcassets */,
				08A165BB23CE15C60056B4AC /* LaunchScreen.storyboard */,
				08A165BE23CE15C60056B4AC /* Info.plist */,
			);
			path = GroupProjectApp;
			sourceTree = "<group>";
		};
/* End PBXGroup section */

/* Begin PBXNativeTarget section */
		08A165AC23CE15C30056B4AC /* GroupProjectApp */ = {
			isa = PBXNativeTarget;
			buildConfigurationList = 08A165C123CE15C60056B4AC /* Build configuration list for PBXNativeTarget "GroupProjectApp" */;
			buildPhases = (
				08A165A923CE15C30056B4AC /* Sources */,
				08A165AA23CE15C30056B4AC /* Frameworks */,
				08A165AB23CE15C30056B4AC /* Resources */,
			);
			buildRules = (
			);
			dependencies = (
			);
			name = GroupProjectApp;
			productName = GroupProjectApp;
			productReference = 08A165AD23CE15C30056B4AC /* GroupProjectApp.app */;
			productType = "com.apple.product-type.application";
		};
/* End PBXNativeTarget section */

/* Begin PBXProject section */
		08A165A523CE15C30056B4AC /* Project object */ = {
			isa = PBXProject;
			attributes = {
				LastSwiftUpdateCheck = 1130;
				LastUpgradeCheck = 1130;
				ORGANIZATIONNAME = "Miguel Figueroa";
				TargetAttributes = {
					08A165AC23CE15C30056B4AC = {
						CreatedOnToolsVersion = 11.3.1;
					};
				};
			};
			buildConfigurationList = 08A165A823CE15C30056B4AC /* Build configuration list for PBXProject "GroupProjectApp" */;
			compatibilityVersion = "Xcode 9.3";
			developmentRegion = en;
			hasScannedForEncodings = 0;
			knownRegions = (
				en,
				Base,
			);
			mainGroup = 08A165A423CE15C30056B4AC;
			productRefGroup = 08A165AE23CE15C30056B4AC /* Products */;
			projectDirPath = "";
			projectRoot = "";
			targets = (
				08A165AC23CE15C30056B4AC /* GroupProjectApp */,
			);
		};
/* End PBXProject section */

/* Begin PBXResourcesBuildPhase section */
		08A165AB23CE15C30056B4AC /* Resources */ = {
			isa = PBXResourcesBuildPhase;
			buildActionMask = 2147483647;
			files = (
				08A165BD23CE15C60056B4AC /* LaunchScreen.storyboard in Resources */,
				08A165BA23CE15C60056B4AC /* Assets.xcassets in Resources */,
				08A165B823CE15C30056B4AC /* Main.storyboard in Resources */,
			);
			runOnlyForDeploymentPostprocessing = 0;
		};
/* End PBXResourcesBuildPhase section */

/* Begin PBXSourcesBuildPhase section */
		08A165A923CE15C30056B4AC /* Sources */ = {
			isa = PBXSourcesBuildPhase;
			buildActionMask = 2147483647;
			files = (
				08A165B523CE15C30056B4AC /* ViewController.swift in Sources */,
				08A165B123CE15C30056B4AC /* AppDelegate.swift in Sources */,
				08525CC323D2197000817A7C /* Movies.swift in Sources */,
				08A165B323CE15C30056B4AC /* SceneDelegate.swift in Sources */,
				0865962723D74BA300B4C09A /* CastCharacter.swift in Sources */,
			);
			runOnlyForDeploymentPostprocessing = 0;
		};
/* End PBXSourcesBuildPhase section */

/* Begin PBXVariantGroup section */
		08A165B623CE15C30056B4AC /* Main.storyboard */ = {
			isa = PBXVariantGroup;
			children = (
				08A165B723CE15C30056B4AC /* Base */,
			);
			name = Main.storyboard;
			sourceTree = "<group>";
		};
		08A165BB23CE15C60056B4AC /* LaunchScreen.storyboard */ = {
			isa = PBXVariantGroup;
			children = (
				08A165BC23CE15C60056B4AC /* Base */,
			);
			name = LaunchScreen.storyboard;
			sourceTree = "<group>";
		};
/* End PBXVariantGroup section */

/* Begin XCBuildConfiguration section */
		08A165BF23CE15C60056B4AC /* Debug */ = {
			isa = XCBuildConfiguration;
			buildSettings = {
				ALWAYS_SEARCH_USER_PATHS = NO;
				CLANG_ANALYZER_NONNULL = YES;
				CLANG_ANALYZER_NUMBER_OBJECT_CONVERSION = YES_AGGRESSIVE;
				CLANG_CXX_LANGUAGE_STANDARD = "gnu++14";
				CLANG_CXX_LIBRARY = "libc++";
				CLANG_ENABLE_MODULES = YES;
				CLANG_ENABLE_OBJC_ARC = YES;
				CLANG_ENABLE_OBJC_WEAK = YES;
				CLANG_WARN_BLOCK_CAPTURE_AUTORELEASING = YES;
				CLANG_WARN_BOOL_CONVERSION = YES;
				CLANG_WARN_COMMA = YES;
				CLANG_WARN_CONSTANT_CONVERSION = YES;
				CLANG_WARN_DEPRECATED_OBJC_IMPLEMENTATIONS = YES;
				CLANG_WARN_DIRECT_OBJC_ISA_USAGE = YES_ERROR;
				CLANG_WARN_DOCUMENTATION_COMMENTS = YES;
				CLANG_WARN_EMPTY_BODY = YES;
				CLANG_WARN_ENUM_CONVERSION = YES;
				CLANG_WARN_INFINITE_RECURSION = YES;
				CLANG_WARN_INT_CONVERSION = YES;
				CLANG_WARN_NON_LITERAL_NULL_CONVERSION = YES;
				CLANG_WARN_OBJC_IMPLICIT_RETAIN_SELF = YES;
				CLANG_WARN_OBJC_LITERAL_CONVERSION = YES;
				CLANG_WARN_OBJC_ROOT_CLASS = YES_ERROR;
				CLANG_WARN_RANGE_LOOP_ANALYSIS = YES;
				CLANG_WARN_STRICT_PROTOTYPES = YES;
				CLANG_WARN_SUSPICIOUS_MOVE = YES;
				CLANG_WARN_UNGUARDED_AVAILABILITY = YES_AGGRESSIVE;
				CLANG_WARN_UNREACHABLE_CODE = YES;
				CLANG_WARN__DUPLICATE_METHOD_MATCH = YES;
				COPY_PHASE_STRIP = NO;
				DEBUG_INFORMATION_FORMAT = dwarf;
				ENABLE_STRICT_OBJC_MSGSEND = YES;
				ENABLE_TESTABILITY = YES;
				GCC_C_LANGUAGE_STANDARD = gnu11;
				GCC_DYNAMIC_NO_PIC = NO;
				GCC_NO_COMMON_BLOCKS = YES;
				GCC_OPTIMIZATION_LEVEL = 0;
				GCC_PREPROCESSOR_DEFINITIONS = (
					"DEBUG=1",
					"$(inherited)",
				);
				GCC_WARN_64_TO_32_BIT_CONVERSION = YES;
				GCC_WARN_ABOUT_RETURN_TYPE = YES_ERROR;
				GCC_WARN_UNDECLARED_SELECTOR = YES;
				GCC_WARN_UNINITIALIZED_AUTOS = YES_AGGRESSIVE;
				GCC_WARN_UNUSED_FUNCTION = YES;
				GCC_WARN_UNUSED_VARIABLE = YES;
				IPHONEOS_DEPLOYMENT_TARGET = 13.2;
				MTL_ENABLE_DEBUG_INFO = INCLUDE_SOURCE;
				MTL_FAST_MATH = YES;
				ONLY_ACTIVE_ARCH = YES;
				SDKROOT = iphoneos;
				SWIFT_ACTIVE_COMPILATION_CONDITIONS = DEBUG;
				SWIFT_OPTIMIZATION_LEVEL = "-Onone";
			};
			name = Debug;
		};
		08A165C023CE15C60056B4AC /* Release */ = {
			isa = XCBuildConfiguration;
			buildSettings = {
				ALWAYS_SEARCH_USER_PATHS = NO;
				CLANG_ANALYZER_NONNULL = YES;
				CLANG_ANALYZER_NUMBER_OBJECT_CONVERSION = YES_AGGRESSIVE;
				CLANG_CXX_LANGUAGE_STANDARD = "gnu++14";
				CLANG_CXX_LIBRARY = "libc++";
				CLANG_ENABLE_MODULES = YES;
				CLANG_ENABLE_OBJC_ARC = YES;
				CLANG_ENABLE_OBJC_WEAK = YES;
				CLANG_WARN_BLOCK_CAPTURE_AUTORELEASING = YES;
				CLANG_WARN_BOOL_CONVERSION = YES;
				CLANG_WARN_COMMA = YES;
				CLANG_WARN_CONSTANT_CONVERSION = YES;
				CLANG_WARN_DEPRECATED_OBJC_IMPLEMENTATIONS = YES;
				CLANG_WARN_DIRECT_OBJC_ISA_USAGE = YES_ERROR;
				CLANG_WARN_DOCUMENTATION_COMMENTS = YES;
				CLANG_WARN_EMPTY_BODY = YES;
				CLANG_WARN_ENUM_CONVERSION = YES;
				CLANG_WARN_INFINITE_RECURSION = YES;
				CLANG_WARN_INT_CONVERSION = YES;
				CLANG_WARN_NON_LITERAL_NULL_CONVERSION = YES;
				CLANG_WARN_OBJC_IMPLICIT_RETAIN_SELF = YES;
				CLANG_WARN_OBJC_LITERAL_CONVERSION = YES;
				CLANG_WARN_OBJC_ROOT_CLASS = YES_ERROR;
				CLANG_WARN_RANGE_LOOP_ANALYSIS = YES;
				CLANG_WARN_STRICT_PROTOTYPES = YES;
				CLANG_WARN_SUSPICIOUS_MOVE = YES;
				CLANG_WARN_UNGUARDED_AVAILABILITY = YES_AGGRESSIVE;
				CLANG_WARN_UNREACHABLE_CODE = YES;
				CLANG_WARN__DUPLICATE_METHOD_MATCH = YES;
				COPY_PHASE_STRIP = NO;
				DEBUG_INFORMATION_FORMAT = "dwarf-with-dsym";
				ENABLE_NS_ASSERTIONS = NO;
				ENABLE_STRICT_OBJC_MSGSEND = YES;
				GCC_C_LANGUAGE_STANDARD = gnu11;
				GCC_NO_COMMON_BLOCKS = YES;
				GCC_WARN_64_TO_32_BIT_CONVERSION = YES;
				GCC_WARN_ABOUT_RETURN_TYPE = YES_ERROR;
				GCC_WARN_UNDECLARED_SELECTOR = YES;
				GCC_WARN_UNINITIALIZED_AUTOS = YES_AGGRESSIVE;
				GCC_WARN_UNUSED_FUNCTION = YES;
				GCC_WARN_UNUSED_VARIABLE = YES;
				IPHONEOS_DEPLOYMENT_TARGET = 13.2;
				MTL_ENABLE_DEBUG_INFO = NO;
				MTL_FAST_MATH = YES;
				SDKROOT = iphoneos;
				SWIFT_COMPILATION_MODE = wholemodule;
				SWIFT_OPTIMIZATION_LEVEL = "-O";
				VALIDATE_PRODUCT = YES;
			};
			name = Release;
		};
		08A165C223CE15C60056B4AC /* Debug */ = {
			isa = XCBuildConfiguration;
			buildSettings = {
				ASSETCATALOG_COMPILER_APPICON_NAME = AppIcon;
				CODE_SIGN_STYLE = Automatic;
				DEVELOPMENT_TEAM = WB8D3393TF;
				INFOPLIST_FILE = GroupProjectApp/Info.plist;
				LD_RUNPATH_SEARCH_PATHS = (
					"$(inherited)",
					"@executable_path/Frameworks",
				);
				PRODUCT_BUNDLE_IDENTIFIER = com.miguelfigueroa.GroupProjectApp;
				PRODUCT_NAME = "$(TARGET_NAME)";
				SWIFT_VERSION = 5.0;
				TARGETED_DEVICE_FAMILY = "1,2";
			};
			name = Debug;
		};
		08A165C323CE15C60056B4AC /* Release */ = {
			isa = XCBuildConfiguration;
			buildSettings = {
				ASSETCATALOG_COMPILER_APPICON_NAME = AppIcon;
				CODE_SIGN_STYLE = Automatic;
				DEVELOPMENT_TEAM = WB8D3393TF;
				INFOPLIST_FILE = GroupProjectApp/Info.plist;
				LD_RUNPATH_SEARCH_PATHS = (
					"$(inherited)",
					"@executable_path/Frameworks",
				);
				PRODUCT_BUNDLE_IDENTIFIER = com.miguelfigueroa.GroupProjectApp;
				PRODUCT_NAME = "$(TARGET_NAME)";
				SWIFT_VERSION = 5.0;
				TARGETED_DEVICE_FAMILY = "1,2";
			};
			name = Release;
		};
/* End XCBuildConfiguration section */

/* Begin XCConfigurationList section */
		08A165A823CE15C30056B4AC /* Build configuration list for PBXProject "GroupProjectApp" */ = {
			isa = XCConfigurationList;
			buildConfigurations = (
				08A165BF23CE15C60056B4AC /* Debug */,
				08A165C023CE15C60056B4AC /* Release */,
			);
			defaultConfigurationIsVisible = 0;
			defaultConfigurationName = Release;
		};
		08A165C123CE15C60056B4AC /* Build configuration list for PBXNativeTarget "GroupProjectApp" */ = {
			isa = XCConfigurationList;
			buildConfigurations = (
				08A165C223CE15C60056B4AC /* Debug */,
				08A165C323CE15C60056B4AC /* Release */,
			);
			defaultConfigurationIsVisible = 0;
			defaultConfigurationName = Release;
		};
/* End XCConfigurationList section */
	};
	rootObject = 08A165A523CE15C30056B4AC /* Project object */;
}
